
Microsoft Visual Studio Solution File, Format Version 11.00
# Visual Studio 2010
Project("{8BC9CEB8-8B4A-11D0-8D11-00A0C91BC942}") = "CvNect", "CvNect.vcxproj", "{ADA26A18-123C-4336-BCB7-BAC15502D7B5}"
EndProject
Global
	GlobalSection(SolutionConfigurationPlatforms) = preSolution
		Debug|Win32 = Debug|Win32
		Release|Win32 = Release|Win32
	EndGlobalSection
	GlobalSection(ProjectConfigurationPlatforms) = postSolution
		{ADA26A18-123C-4336-BCB7-BAC15502D7B5}.Debug|Win32.ActiveCfg = Debug|Win32
		{ADA26A18-123C-4336-BCB7-BAC15502D7B5}.Debug|Win32.Build.0 = Debug|Win32
		{ADA26A18-123C-4336-BCB7-BAC15502D7B5}.Release|Win32.ActiveCfg = Release|Win32
		{ADA26A18-123C-4336-BCB7-BAC15502D7B5}.Release|Win32.Build.0 = Release|Win32
	EndGlobalSection
	GlobalSection(SolutionProperties) = preSolution
		HideSolutionNode = FALSE
	EndGlobalSection
EndGlobal
